
Microsoft Visual Studio Solution File, Format Version 12.00
# Visual Studio 2012
Project("{FAE04EC0-301F-11D3-BF4B-00C04F79EFBC}") = "BookmarkRepository", "BookmarkRepository\BookmarkRepository.csproj", "{571BE5A3-024C-41F7-B74F-D23CA0A5AB18}"
EndProject
Global
	GlobalSection(SolutionConfigurationPlatforms) = preSolution
		Debug|Any CPU = Debug|Any CPU
		Release|Any CPU = Release|Any CPU
	EndGlobalSection
	GlobalSection(ProjectConfigurationPlatforms) = postSolution
		{571BE5A3-024C-41F7-B74F-D23CA0A5AB18}.Debug|Any CPU.ActiveCfg = Debug|Any CPU
		{571BE5A3-024C-41F7-B74F-D23CA0A5AB18}.Debug|Any CPU.Build.0 = Debug|Any CPU
		{571BE5A3-024C-41F7-B74F-D23CA0A5AB18}.Release|Any CPU.ActiveCfg = Release|Any CPU
		{571BE5A3-024C-41F7-B74F-D23CA0A5AB18}.Release|Any CPU.Build.0 = Release|Any CPU
	EndGlobalSection
	GlobalSection(SolutionProperties) = preSolution
		HideSolutionNode = FALSE
	EndGlobalSection
EndGlobal
